<?xml version="1.0" encoding="utf-8"?>
<Project ToolsVersion="4.0" xmlns="http://schemas.microsoft.com/developer/msbuild/2003">
  <ItemGroup>
    <Filter Include="src">
      <UniqueIdentifier>{2DAB880B-99B4-887C-2230-9F7C8E38947C}</UniqueIdentifier>
    </Filter>
    <Filter Include="src\Platform">
      <UniqueIdentifier>{21CA02E5-0D2D-9289-B6B2-CA3FA2F45D0C}</UniqueIdentifier>
    </Filter>
    <Filter Include="src\Platform\OpenGL">
      <UniqueIdentifier>{35A49437-A105-7245-2A73-B8F796D3A804}</UniqueIdentifier>
    </Filter>
    <Filter Include="src\Platform\Windows">
      <UniqueIdentifier>{5B054582-4794-CE4B-F0B2-E246DC20DFF1}</UniqueIdentifier>
    </Filter>
    <Filter Include="src\Wire">
      <UniqueIdentifier>{B3B127CF-9F7E-82DA-C897-7082B4C3B768}</UniqueIdentifier>
    </Filter>
    <Filter Include="src\Wire\Audio">
      <UniqueIdentifier>{F479DD99-E047-D19F-C9DB-41C6B548AD04}</UniqueIdentifier>
    </Filter>
    <Filter Include="src\Wire\Core">
      <UniqueIdentifier>{EBDDA2E5-579E-1E1C-20D9-67998C5863F8}</UniqueIdentifier>
    </Filter>
    <Filter Include="src\Wire\Debug">
      <UniqueIdentifier>{69F60A9A-55C4-FE9F-3E58-6FC62AC5DA04}</UniqueIdentifier>
    </Filter>
    <Filter Include="src\Wire\Events">
      <UniqueIdentifier>{3716F4DE-A3A1-61A3-ACB2-E49718BDBDA3}</UniqueIdentifier>
    </Filter>
    <Filter Include="src\Wire\ImGui">
      <UniqueIdentifier>{1D61699A-092F-5DA0-F2C2-CDC6DE2F3905}</UniqueIdentifier>
    </Filter>
    <Filter Include="src\Wire\Maths">
      <UniqueIdentifier>{5FECAB9A-4BBA-9FA0-344E-10C720BB7B05}</UniqueIdentifier>
    </Filter>
    <Filter Include="src\Wire\Plugins">
      <UniqueIdentifier>{846501F6-705E-2048-9990-05CD85E8FF53}</UniqueIdentifier>
    </Filter>
    <Filter Include="src\Wire\Renderer">
      <UniqueIdentifier>{B98E4D63-25A5-4BF9-6E1C-D71ADA711C81}</UniqueIdentifier>
    </Filter>
    <Filter Include="src\Wire\Scene">
      <UniqueIdentifier>{1059199B-FC26-0DA1-E5BA-7DC7D127E905}</UniqueIdentifier>
    </Filter>
    <Filter Include="src\Wire\Utils">
      <UniqueIdentifier>{53ED469B-3FBB-3AA1-284F-ABC714BC1606}</UniqueIdentifier>
    </Filter>
    <Filter Include="vendor">
      <UniqueIdentifier>{B3738122-9F15-ACF8-88D0-BF4C74113349}</UniqueIdentifier>
    </Filter>
    <Filter Include="vendor\ImGuizmo">
      <UniqueIdentifier>{73BF7F4C-DF4A-ED10-E85B-700554664911}</UniqueIdentifier>
    </Filter>
    <Filter Include="vendor\glm">
      <UniqueIdentifier>{829FC5A8-6E57-07F6-D75E-E051C335A2E6}</UniqueIdentifier>
    </Filter>
    <Filter Include="vendor\glm\glm">
      <UniqueIdentifier>{D11AC9C9-BDE8-BCCF-A67C-2DF692E99834}</UniqueIdentifier>
    </Filter>
    <Filter Include="vendor\glm\glm\detail">
      <UniqueIdentifier>{739DA071-DF09-5C6C-A8FD-F3C914297ED4}</UniqueIdentifier>
    </Filter>
    <Filter Include="vendor\glm\glm\ext">
      <UniqueIdentifier>{B19EA76B-9D82-68C1-06E3-6214F2E55243}</UniqueIdentifier>
    </Filter>
    <Filter Include="vendor\glm\glm\gtc">
      <UniqueIdentifier>{9EA6A76B-8A8A-68C1-F3EA-6214DFED5243}</UniqueIdentifier>
    </Filter>
    <Filter Include="vendor\glm\glm\gtx">
      <UniqueIdentifier>{B3A6A76B-9F8A-68C1-08EB-6214F4ED5243}</UniqueIdentifier>
    </Filter>
    <Filter Include="vendor\stb_image">
      <UniqueIdentifier>{0DA0BA59-F998-D9AB-22CB-BE300E23B9B7}</UniqueIdentifier>
    </Filter>
  </ItemGroup>
  <ItemGroup>
    <ClInclude Include="src\Platform\OpenGL\OpenGLBuffer.h">
      <Filter>src\Platform\OpenGL</Filter>
    </ClInclude>
    <ClInclude Include="src\Platform\OpenGL\OpenGLContext.h">
      <Filter>src\Platform\OpenGL</Filter>
    </ClInclude>
    <ClInclude Include="src\Platform\OpenGL\OpenGLFramebuffer.h">
      <Filter>src\Platform\OpenGL</Filter>
    </ClInclude>
    <ClInclude Include="src\Platform\OpenGL\OpenGLRendererAPI.h">
      <Filter>src\Platform\OpenGL</Filter>
    </ClInclude>
    <ClInclude Include="src\Platform\OpenGL\OpenGLShader.h">
      <Filter>src\Platform\OpenGL</Filter>
    </ClInclude>
    <ClInclude Include="src\Platform\OpenGL\OpenGLTexture.h">
      <Filter>src\Platform\OpenGL</Filter>
    </ClInclude>
    <ClInclude Include="src\Platform\OpenGL\OpenGLUniformBuffer.h">
      <Filter>src\Platform\OpenGL</Filter>
    </ClInclude>
    <ClInclude Include="src\Platform\OpenGL\OpenGLVertexArray.h">
      <Filter>src\Platform\OpenGL</Filter>
    </ClInclude>
    <ClInclude Include="src\Platform\Windows\WindowsWindow.h">
      <Filter>src\Platform\Windows</Filter>
    </ClInclude>
    <ClInclude Include="src\Wire.h">
      <Filter>src</Filter>
    </ClInclude>
    <ClInclude Include="src\Wire\Audio\Audio.h">
      <Filter>src\Wire\Audio</Filter>
    </ClInclude>
    <ClInclude Include="src\Wire\Audio\WavHeader.h">
      <Filter>src\Wire\Audio</Filter>
    </ClInclude>
    <ClInclude Include="src\Wire\Core\Application.h">
      <Filter>src\Wire\Core</Filter>
    </ClInclude>
    <ClInclude Include="src\Wire\Core\Assert.h">
      <Filter>src\Wire\Core</Filter>
    </ClInclude>
    <ClInclude Include="src\Wire\Core\Core.h">
      <Filter>src\Wire\Core</Filter>
    </ClInclude>
    <ClInclude Include="src\Wire\Core\EntryPoint.h">
      <Filter>src\Wire\Core</Filter>
    </ClInclude>
    <ClInclude Include="src\Wire\Core\Input.h">
      <Filter>src\Wire\Core</Filter>
    </ClInclude>
    <ClInclude Include="src\Wire\Core\KeyCodes.h">
      <Filter>src\Wire\Core</Filter>
    </ClInclude>
    <ClInclude Include="src\Wire\Core\Layer.h">
      <Filter>src\Wire\Core</Filter>
    </ClInclude>
    <ClInclude Include="src\Wire\Core\LayerStack.h">
      <Filter>src\Wire\Core</Filter>
    </ClInclude>
    <ClInclude Include="src\Wire\Core\Log.h">
      <Filter>src\Wire\Core</Filter>
    </ClInclude>
    <ClInclude Include="src\Wire\Core\MouseCodes.h">
      <Filter>src\Wire\Core</Filter>
    </ClInclude>
    <ClInclude Include="src\Wire\Core\PlatformDetection.h">
      <Filter>src\Wire\Core</Filter>
    </ClInclude>
    <ClInclude Include="src\Wire\Core\Timer.h">
      <Filter>src\Wire\Core</Filter>
    </ClInclude>
    <ClInclude Include="src\Wire\Core\Timestep.h">
      <Filter>src\Wire\Core</Filter>
    </ClInclude>
    <ClInclude Include="src\Wire\Core\Window.h">
      <Filter>src\Wire\Core</Filter>
    </ClInclude>
    <ClInclude Include="src\Wire\Debug\Instrumentor.h">
      <Filter>src\Wire\Debug</Filter>
    </ClInclude>
    <ClInclude Include="src\Wire\Events\ApplicationEvent.h">
      <Filter>src\Wire\Events</Filter>
    </ClInclude>
    <ClInclude Include="src\Wire\Events\Event.h">
      <Filter>src\Wire\Events</Filter>
    </ClInclude>
    <ClInclude Include="src\Wire\Events\KeyEvent.h">
      <Filter>src\Wire\Events</Filter>
    </ClInclude>
    <ClInclude Include="src\Wire\Events\MouseEvent.h">
      <Filter>src\Wire\Events</Filter>
    </ClInclude>
    <ClInclude Include="src\Wire\ImGui\ImGuiLayer.h">
      <Filter>src\Wire\ImGui</Filter>
    </ClInclude>
    <ClInclude Include="src\Wire\Maths\Maths.h">
      <Filter>src\Wire\Maths</Filter>
    </ClInclude>
    <ClInclude Include="src\Wire\Plugins\IPlugin.h">
      <Filter>src\Wire\Plugins</Filter>
    </ClInclude>
    <ClInclude Include="src\Wire\Plugins\PluginManager.h">
      <Filter>src\Wire\Plugins</Filter>
    </ClInclude>
    <ClInclude Include="src\Wire\Renderer\Buffer.h">
      <Filter>src\Wire\Renderer</Filter>
    </ClInclude>
    <ClInclude Include="src\Wire\Renderer\Camera.h">
      <Filter>src\Wire\Renderer</Filter>
    </ClInclude>
    <ClInclude Include="src\Wire\Renderer\EditorCamera.h">
      <Filter>src\Wire\Renderer</Filter>
    </ClInclude>
    <ClInclude Include="src\Wire\Renderer\Framebuffer.h">
      <Filter>src\Wire\Renderer</Filter>
    </ClInclude>
    <ClInclude Include="src\Wire\Renderer\GraphicsContext.h">
      <Filter>src\Wire\Renderer</Filter>
    </ClInclude>
    <ClInclude Include="src\Wire\Renderer\OrthographicCamera.h">
      <Filter>src\Wire\Renderer</Filter>
    </ClInclude>
    <ClInclude Include="src\Wire\Renderer\OrthographicCameraController.h">
      <Filter>src\Wire\Renderer</Filter>
    </ClInclude>
    <ClInclude Include="src\Wire\Renderer\RenderCommand.h">
      <Filter>src\Wire\Renderer</Filter>
    </ClInclude>
    <ClInclude Include="src\Wire\Renderer\Renderer.h">
      <Filter>src\Wire\Renderer</Filter>
    </ClInclude>
    <ClInclude Include="src\Wire\Renderer\Renderer2D.h">
      <Filter>src\Wire\Renderer</Filter>
    </ClInclude>
    <ClInclude Include="src\Wire\Renderer\RendererAPI.h">
      <Filter>src\Wire\Renderer</Filter>
    </ClInclude>
    <ClInclude Include="src\Wire\Renderer\Shader.h">
      <Filter>src\Wire\Renderer</Filter>
    </ClInclude>
    <ClInclude Include="src\Wire\Renderer\Texture.h">
      <Filter>src\Wire\Renderer</Filter>
    </ClInclude>
    <ClInclude Include="src\Wire\Renderer\UniformBuffer.h">
      <Filter>src\Wire\Renderer</Filter>
    </ClInclude>
    <ClInclude Include="src\Wire\Renderer\VertexArray.h">
      <Filter>src\Wire\Renderer</Filter>
    </ClInclude>
    <ClInclude Include="src\Wire\Scene\Components.h">
      <Filter>src\Wire\Scene</Filter>
    </ClInclude>
    <ClInclude Include="src\Wire\Scene\Entity.h">
      <Filter>src\Wire\Scene</Filter>
    </ClInclude>
    <ClInclude Include="src\Wire\Scene\Scene.h">
      <Filter>src\Wire\Scene</Filter>
    </ClInclude>
    <ClInclude Include="src\Wire\Scene\SceneCamera.h">
      <Filter>src\Wire\Scene</Filter>
    </ClInclude>
    <ClInclude Include="src\Wire\Scene\SceneSerializer.h">
      <Filter>src\Wire\Scene</Filter>
    </ClInclude>
    <ClInclude Include="src\Wire\Scene\ScriptableEntity.h">
      <Filter>src\Wire\Scene</Filter>
    </ClInclude>
    <ClInclude Include="src\Wire\Utils\PlatformUtils.h">
      <Filter>src\Wire\Utils</Filter>
    </ClInclude>
    <ClInclude Include="src\wrpch.h">
      <Filter>src</Filter>
    </ClInclude>
    <ClInclude Include="vendor\ImGuizmo\ImGuizmo.h">
      <Filter>vendor\ImGuizmo</Filter>
    </ClInclude>
    <ClInclude Include="vendor\glm\glm\common.hpp">
      <Filter>vendor\glm\glm</Filter>
    </ClInclude>
    <ClInclude Include="vendor\glm\glm\detail\_features.hpp">
      <Filter>vendor\glm\glm\detail</Filter>
    </ClInclude>
    <ClInclude Include="vendor\glm\glm\detail\_fixes.hpp">
      <Filter>vendor\glm\glm\detail</Filter>
    </ClInclude>
    <ClInclude Include="vendor\glm\glm\detail\_noise.hpp">
      <Filter>vendor\glm\glm\detail</Filter>
    </ClInclude>
    <ClInclude Include="vendor\glm\glm\detail\_swizzle.hpp">
      <Filter>vendor\glm\glm\detail</Filter>
    </ClInclude>
    <ClInclude Include="vendor\glm\glm\detail\_swizzle_func.hpp">
      <Filter>vendor\glm\glm\detail</Filter>
    </ClInclude>
    <ClInclude Include="vendor\glm\glm\detail\_vectorize.hpp">
      <Filter>vendor\glm\glm\detail</Filter>
    </ClInclude>
    <ClInclude Include="vendor\glm\glm\detail\compute_common.hpp">
      <Filter>vendor\glm\glm\detail</Filter>
    </ClInclude>
    <ClInclude Include="vendor\glm\glm\detail\compute_vector_relational.hpp">
      <Filter>vendor\glm\glm\detail</Filter>
    </ClInclude>
    <ClInclude Include="vendor\glm\glm\detail\func_common.inl">
      <Filter>vendor\glm\glm\detail</Filter>
    </ClInclude>
    <ClInclude Include="vendor\glm\glm\detail\func_common_simd.inl">
      <Filter>vendor\glm\glm\detail</Filter>
    </ClInclude>
    <ClInclude Include="vendor\glm\glm\detail\func_exponential.inl">
      <Filter>vendor\glm\glm\detail</Filter>
    </ClInclude>
    <ClInclude Include="vendor\glm\glm\detail\func_exponential_simd.inl">
      <Filter>vendor\glm\glm\detail</Filter>
    </ClInclude>
    <ClInclude Include="vendor\glm\glm\detail\func_geometric.inl">
      <Filter>vendor\glm\glm\detail</Filter>
    </ClInclude>
    <ClInclude Include="vendor\glm\glm\detail\func_geometric_simd.inl">
      <Filter>vendor\glm\glm\detail</Filter>
    </ClInclude>
    <ClInclude Include="vendor\glm\glm\detail\func_integer.inl">
      <Filter>vendor\glm\glm\detail</Filter>
    </ClInclude>
    <ClInclude Include="vendor\glm\glm\detail\func_integer_simd.inl">
      <Filter>vendor\glm\glm\detail</Filter>
    </ClInclude>
    <ClInclude Include="vendor\glm\glm\detail\func_matrix.inl">
      <Filter>vendor\glm\glm\detail</Filter>
    </ClInclude>
    <ClInclude Include="vendor\glm\glm\detail\func_matrix_simd.inl">
      <Filter>vendor\glm\glm\detail</Filter>
    </ClInclude>
    <ClInclude Include="vendor\glm\glm\detail\func_packing.inl">
      <Filter>vendor\glm\glm\detail</Filter>
    </ClInclude>
    <ClInclude Include="vendor\glm\glm\detail\func_packing_simd.inl">
      <Filter>vendor\glm\glm\detail</Filter>
    </ClInclude>
    <ClInclude Include="vendor\glm\glm\detail\func_trigonometric.inl">
      <Filter>vendor\glm\glm\detail</Filter>
    </ClInclude>
    <ClInclude Include="vendor\glm\glm\detail\func_trigonometric_simd.inl">
      <Filter>vendor\glm\glm\detail</Filter>
    </ClInclude>
    <ClInclude Include="vendor\glm\glm\detail\func_vector_relational.inl">
      <Filter>vendor\glm\glm\detail</Filter>
    </ClInclude>
    <ClInclude Include="vendor\glm\glm\detail\func_vector_relational_simd.inl">
      <Filter>vendor\glm\glm\detail</Filter>
    </ClInclude>
    <ClInclude Include="vendor\glm\glm\detail\qualifier.hpp">
      <Filter>vendor\glm\glm\detail</Filter>
    </ClInclude>
    <ClInclude Include="vendor\glm\glm\detail\setup.hpp">
      <Filter>vendor\glm\glm\detail</Filter>
    </ClInclude>
    <ClInclude Include="vendor\glm\glm\detail\type_float.hpp">
      <Filter>vendor\glm\glm\detail</Filter>
    </ClInclude>
    <ClInclude Include="vendor\glm\glm\detail\type_half.hpp">
      <Filter>vendor\glm\glm\detail</Filter>
    </ClInclude>
    <ClInclude Include="vendor\glm\glm\detail\type_half.inl">
      <Filter>vendor\glm\glm\detail</Filter>
    </ClInclude>
    <ClInclude Include="vendor\glm\glm\detail\type_mat2x2.hpp">
      <Filter>vendor\glm\glm\detail</Filter>
    </ClInclude>
    <ClInclude Include="vendor\glm\glm\detail\type_mat2x2.inl">
      <Filter>vendor\glm\glm\detail</Filter>
    </ClInclude>
    <ClInclude Include="vendor\glm\glm\detail\type_mat2x3.hpp">
      <Filter>vendor\glm\glm\detail</Filter>
    </ClInclude>
    <ClInclude Include="vendor\glm\glm\detail\type_mat2x3.inl">
      <Filter>vendor\glm\glm\detail</Filter>
    </ClInclude>
    <ClInclude Include="vendor\glm\glm\detail\type_mat2x4.hpp">
      <Filter>vendor\glm\glm\detail</Filter>
    </ClInclude>
    <ClInclude Include="vendor\glm\glm\detail\type_mat2x4.inl">
      <Filter>vendor\glm\glm\detail</Filter>
    </ClInclude>
    <ClInclude Include="vendor\glm\glm\detail\type_mat3x2.hpp">
      <Filter>vendor\glm\glm\detail</Filter>
    </ClInclude>
    <ClInclude Include="vendor\glm\glm\detail\type_mat3x2.inl">
      <Filter>vendor\glm\glm\detail</Filter>
    </ClInclude>
    <ClInclude Include="vendor\glm\glm\detail\type_mat3x3.hpp">
      <Filter>vendor\glm\glm\detail</Filter>
    </ClInclude>
    <ClInclude Include="vendor\glm\glm\detail\type_mat3x3.inl">
      <Filter>vendor\glm\glm\detail</Filter>
    </ClInclude>
    <ClInclude Include="vendor\glm\glm\detail\type_mat3x4.hpp">
      <Filter>vendor\glm\glm\detail</Filter>
    </ClInclude>
    <ClInclude Include="vendor\glm\glm\detail\type_mat3x4.inl">
      <Filter>vendor\glm\glm\detail</Filter>
    </ClInclude>
    <ClInclude Include="vendor\glm\glm\detail\type_mat4x2.hpp">
      <Filter>vendor\glm\glm\detail</Filter>
    </ClInclude>
    <ClInclude Include="vendor\glm\glm\detail\type_mat4x2.inl">
      <Filter>vendor\glm\glm\detail</Filter>
    </ClInclude>
    <ClInclude Include="vendor\glm\glm\detail\type_mat4x3.hpp">
      <Filter>vendor\glm\glm\detail</Filter>
    </ClInclude>
    <ClInclude Include="vendor\glm\glm\detail\type_mat4x3.inl">
      <Filter>vendor\glm\glm\detail</Filter>
    </ClInclude>
    <ClInclude Include="vendor\glm\glm\detail\type_mat4x4.hpp">
      <Filter>vendor\glm\glm\detail</Filter>
    </ClInclude>
    <ClInclude Include="vendor\glm\glm\detail\type_mat4x4.inl">
      <Filter>vendor\glm\glm\detail</Filter>
    </ClInclude>
    <ClInclude Include="vendor\glm\glm\detail\type_mat4x4_simd.inl">
      <Filter>vendor\glm\glm\detail</Filter>
    </ClInclude>
    <ClInclude Include="vendor\glm\glm\detail\type_quat.hpp">
      <Filter>vendor\glm\glm\detail</Filter>
    </ClInclude>
    <ClInclude Include="vendor\glm\glm\detail\type_quat.inl">
      <Filter>vendor\glm\glm\detail</Filter>
    </ClInclude>
    <ClInclude Include="vendor\glm\glm\detail\type_quat_simd.inl">
      <Filter>vendor\glm\glm\detail</Filter>
    </ClInclude>
    <ClInclude Include="vendor\glm\glm\detail\type_vec1.hpp">
      <Filter>vendor\glm\glm\detail</Filter>
    </ClInclude>
    <ClInclude Include="vendor\glm\glm\detail\type_vec1.inl">
      <Filter>vendor\glm\glm\detail</Filter>
    </ClInclude>
    <ClInclude Include="vendor\glm\glm\detail\type_vec2.hpp">
      <Filter>vendor\glm\glm\detail</Filter>
    </ClInclude>
    <ClInclude Include="vendor\glm\glm\detail\type_vec2.inl">
      <Filter>vendor\glm\glm\detail</Filter>
    </ClInclude>
    <ClInclude Include="vendor\glm\glm\detail\type_vec3.hpp">
      <Filter>vendor\glm\glm\detail</Filter>
    </ClInclude>
    <ClInclude Include="vendor\glm\glm\detail\type_vec3.inl">
      <Filter>vendor\glm\glm\detail</Filter>
    </ClInclude>
    <ClInclude Include="vendor\glm\glm\detail\type_vec4.hpp">
      <Filter>vendor\glm\glm\detail</Filter>
    </ClInclude>
    <ClInclude Include="vendor\glm\glm\detail\type_vec4.inl">
      <Filter>vendor\glm\glm\detail</Filter>
    </ClInclude>
    <ClInclude Include="vendor\glm\glm\detail\type_vec4_simd.inl">
      <Filter>vendor\glm\glm\detail</Filter>
    </ClInclude>
    <ClInclude Include="vendor\glm\glm\exponential.hpp">
      <Filter>vendor\glm\glm</Filter>
    </ClInclude>
    <ClInclude Include="vendor\glm\glm\ext.hpp">
      <Filter>vendor\glm\glm</Filter>
    </ClInclude>
    <ClInclude Include="vendor\glm\glm\ext\_matrix_vectorize.hpp">
      <Filter>vendor\glm\glm\ext</Filter>
    </ClInclude>
    <ClInclude Include="vendor\glm\glm\ext\matrix_clip_space.hpp">
      <Filter>vendor\glm\glm\ext</Filter>
    </ClInclude>
    <ClInclude Include="vendor\glm\glm\ext\matrix_clip_space.inl">
      <Filter>vendor\glm\glm\ext</Filter>
    </ClInclude>
    <ClInclude Include="vendor\glm\glm\ext\matrix_common.hpp">
      <Filter>vendor\glm\glm\ext</Filter>
    </ClInclude>
    <ClInclude Include="vendor\glm\glm\ext\matrix_common.inl">
      <Filter>vendor\glm\glm\ext</Filter>
    </ClInclude>
    <ClInclude Include="vendor\glm\glm\ext\matrix_double2x2.hpp">
      <Filter>vendor\glm\glm\ext</Filter>
    </ClInclude>
    <ClInclude Include="vendor\glm\glm\ext\matrix_double2x2_precision.hpp">
      <Filter>vendor\glm\glm\ext</Filter>
    </ClInclude>
    <ClInclude Include="vendor\glm\glm\ext\matrix_double2x3.hpp">
      <Filter>vendor\glm\glm\ext</Filter>
    </ClInclude>
    <ClInclude Include="vendor\glm\glm\ext\matrix_double2x3_precision.hpp">
      <Filter>vendor\glm\glm\ext</Filter>
    </ClInclude>
    <ClInclude Include="vendor\glm\glm\ext\matrix_double2x4.hpp">
      <Filter>vendor\glm\glm\ext</Filter>
    </ClInclude>
    <ClInclude Include="vendor\glm\glm\ext\matrix_double2x4_precision.hpp">
      <Filter>vendor\glm\glm\ext</Filter>
    </ClInclude>
    <ClInclude Include="vendor\glm\glm\ext\matrix_double3x2.hpp">
      <Filter>vendor\glm\glm\ext</Filter>
    </ClInclude>
    <ClInclude Include="vendor\glm\glm\ext\matrix_double3x2_precision.hpp">
      <Filter>vendor\glm\glm\ext</Filter>
    </ClInclude>
    <ClInclude Include="vendor\glm\glm\ext\matrix_double3x3.hpp">
      <Filter>vendor\glm\glm\ext</Filter>
    </ClInclude>
    <ClInclude Include="vendor\glm\glm\ext\matrix_double3x3_precision.hpp">
      <Filter>vendor\glm\glm\ext</Filter>
    </ClInclude>
    <ClInclude Include="vendor\glm\glm\ext\matrix_double3x4.hpp">
      <Filter>vendor\glm\glm\ext</Filter>
    </ClInclude>
    <ClInclude Include="vendor\glm\glm\ext\matrix_double3x4_precision.hpp">
      <Filter>vendor\glm\glm\ext</Filter>
    </ClInclude>
    <ClInclude Include="vendor\glm\glm\ext\matrix_double4x2.hpp">
      <Filter>vendor\glm\glm\ext</Filter>
    </ClInclude>
    <ClInclude Include="vendor\glm\glm\ext\matrix_double4x2_precision.hpp">
      <Filter>vendor\glm\glm\ext</Filter>
    </ClInclude>
    <ClInclude Include="vendor\glm\glm\ext\matrix_double4x3.hpp">
      <Filter>vendor\glm\glm\ext</Filter>
    </ClInclude>
    <ClInclude Include="vendor\glm\glm\ext\matrix_double4x3_precision.hpp">
      <Filter>vendor\glm\glm\ext</Filter>
    </ClInclude>
    <ClInclude Include="vendor\glm\glm\ext\matrix_double4x4.hpp">
      <Filter>vendor\glm\glm\ext</Filter>
    </ClInclude>
    <ClInclude Include="vendor\glm\glm\ext\matrix_double4x4_precision.hpp">
      <Filter>vendor\glm\glm\ext</Filter>
    </ClInclude>
    <ClInclude Include="vendor\glm\glm\ext\matrix_float2x2.hpp">
      <Filter>vendor\glm\glm\ext</Filter>
    </ClInclude>
    <ClInclude Include="vendor\glm\glm\ext\matrix_float2x2_precision.hpp">
      <Filter>vendor\glm\glm\ext</Filter>
    </ClInclude>
    <ClInclude Include="vendor\glm\glm\ext\matrix_float2x3.hpp">
      <Filter>vendor\glm\glm\ext</Filter>
    </ClInclude>
    <ClInclude Include="vendor\glm\glm\ext\matrix_float2x3_precision.hpp">
      <Filter>vendor\glm\glm\ext</Filter>
    </ClInclude>
    <ClInclude Include="vendor\glm\glm\ext\matrix_float2x4.hpp">
      <Filter>vendor\glm\glm\ext</Filter>
    </ClInclude>
    <ClInclude Include="vendor\glm\glm\ext\matrix_float2x4_precision.hpp">
      <Filter>vendor\glm\glm\ext</Filter>
    </ClInclude>
    <ClInclude Include="vendor\glm\glm\ext\matrix_float3x2.hpp">
      <Filter>vendor\glm\glm\ext</Filter>
    </ClInclude>
    <ClInclude Include="vendor\glm\glm\ext\matrix_float3x2_precision.hpp">
      <Filter>vendor\glm\glm\ext</Filter>
    </ClInclude>
    <ClInclude Include="vendor\glm\glm\ext\matrix_float3x3.hpp">
      <Filter>vendor\glm\glm\ext</Filter>
    </ClInclude>
    <ClInclude Include="vendor\glm\glm\ext\matrix_float3x3_precision.hpp">
      <Filter>vendor\glm\glm\ext</Filter>
    </ClInclude>
    <ClInclude Include="vendor\glm\glm\ext\matrix_float3x4.hpp">
      <Filter>vendor\glm\glm\ext</Filter>
    </ClInclude>
    <ClInclude Include="vendor\glm\glm\ext\matrix_float3x4_precision.hpp">
      <Filter>vendor\glm\glm\ext</Filter>
    </ClInclude>
    <ClInclude Include="vendor\glm\glm\ext\matrix_float4x2.hpp">
      <Filter>vendor\glm\glm\ext</Filter>
    </ClInclude>
    <ClInclude Include="vendor\glm\glm\ext\matrix_float4x2_precision.hpp">
      <Filter>vendor\glm\glm\ext</Filter>
    </ClInclude>
    <ClInclude Include="vendor\glm\glm\ext\matrix_float4x3.hpp">
      <Filter>vendor\glm\glm\ext</Filter>
    </ClInclude>
    <ClInclude Include="vendor\glm\glm\ext\matrix_float4x3_precision.hpp">
      <Filter>vendor\glm\glm\ext</Filter>
    </ClInclude>
    <ClInclude Include="vendor\glm\glm\ext\matrix_float4x4.hpp">
      <Filter>vendor\glm\glm\ext</Filter>
    </ClInclude>
    <ClInclude Include="vendor\glm\glm\ext\matrix_float4x4_precision.hpp">
      <Filter>vendor\glm\glm\ext</Filter>
    </ClInclude>
    <ClInclude Include="vendor\glm\glm\ext\matrix_int2x2.hpp">
      <Filter>vendor\glm\glm\ext</Filter>
    </ClInclude>
    <ClInclude Include="vendor\glm\glm\ext\matrix_int2x2_sized.hpp">
      <Filter>vendor\glm\glm\ext</Filter>
    </ClInclude>
    <ClInclude Include="vendor\glm\glm\ext\matrix_int2x3.hpp">
      <Filter>vendor\glm\glm\ext</Filter>
    </ClInclude>
    <ClInclude Include="vendor\glm\glm\ext\matrix_int2x3_sized.hpp">
      <Filter>vendor\glm\glm\ext</Filter>
    </ClInclude>
    <ClInclude Include="vendor\glm\glm\ext\matrix_int2x4.hpp">
      <Filter>vendor\glm\glm\ext</Filter>
    </ClInclude>
    <ClInclude Include="vendor\glm\glm\ext\matrix_int2x4_sized.hpp">
      <Filter>vendor\glm\glm\ext</Filter>
    </ClInclude>
    <ClInclude Include="vendor\glm\glm\ext\matrix_int3x2.hpp">
      <Filter>vendor\glm\glm\ext</Filter>
    </ClInclude>
    <ClInclude Include="vendor\glm\glm\ext\matrix_int3x2_sized.hpp">
      <Filter>vendor\glm\glm\ext</Filter>
    </ClInclude>
    <ClInclude Include="vendor\glm\glm\ext\matrix_int3x3.hpp">
      <Filter>vendor\glm\glm\ext</Filter>
    </ClInclude>
    <ClInclude Include="vendor\glm\glm\ext\matrix_int3x3_sized.hpp">
      <Filter>vendor\glm\glm\ext</Filter>
    </ClInclude>
    <ClInclude Include="vendor\glm\glm\ext\matrix_int3x4.hpp">
      <Filter>vendor\glm\glm\ext</Filter>
    </ClInclude>
    <ClInclude Include="vendor\glm\glm\ext\matrix_int3x4_sized.hpp">
      <Filter>vendor\glm\glm\ext</Filter>
    </ClInclude>
    <ClInclude Include="vendor\glm\glm\ext\matrix_int4x2.hpp">
      <Filter>vendor\glm\glm\ext</Filter>
    </ClInclude>
    <ClInclude Include="vendor\glm\glm\ext\matrix_int4x2_sized.hpp">
      <Filter>vendor\glm\glm\ext</Filter>
    </ClInclude>
    <ClInclude Include="vendor\glm\glm\ext\matrix_int4x3.hpp">
      <Filter>vendor\glm\glm\ext</Filter>
    </ClInclude>
    <ClInclude Include="vendor\glm\glm\ext\matrix_int4x3_sized.hpp">
      <Filter>vendor\glm\glm\ext</Filter>
    </ClInclude>
    <ClInclude Include="vendor\glm\glm\ext\matrix_int4x4.hpp">
      <Filter>vendor\glm\glm\ext</Filter>
    </ClInclude>
    <ClInclude Include="vendor\glm\glm\ext\matrix_int4x4_sized.hpp">
      <Filter>vendor\glm\glm\ext</Filter>
    </ClInclude>
    <ClInclude Include="vendor\glm\glm\ext\matrix_integer.hpp">
      <Filter>vendor\glm\glm\ext</Filter>
    </ClInclude>
    <ClInclude Include="vendor\glm\glm\ext\matrix_integer.inl">
      <Filter>vendor\glm\glm\ext</Filter>
    </ClInclude>
    <ClInclude Include="vendor\glm\glm\ext\matrix_projection.hpp">
      <Filter>vendor\glm\glm\ext</Filter>
    </ClInclude>
    <ClInclude Include="vendor\glm\glm\ext\matrix_projection.inl">
      <Filter>vendor\glm\glm\ext</Filter>
    </ClInclude>
    <ClInclude Include="vendor\glm\glm\ext\matrix_relational.hpp">
      <Filter>vendor\glm\glm\ext</Filter>
    </ClInclude>
    <ClInclude Include="vendor\glm\glm\ext\matrix_relational.inl">
      <Filter>vendor\glm\glm\ext</Filter>
    </ClInclude>
    <ClInclude Include="vendor\glm\glm\ext\matrix_transform.hpp">
      <Filter>vendor\glm\glm\ext</Filter>
    </ClInclude>
    <ClInclude Include="vendor\glm\glm\ext\matrix_transform.inl">
      <Filter>vendor\glm\glm\ext</Filter>
    </ClInclude>
    <ClInclude Include="vendor\glm\glm\ext\matrix_uint2x2.hpp">
      <Filter>vendor\glm\glm\ext</Filter>
    </ClInclude>
    <ClInclude Include="vendor\glm\glm\ext\matrix_uint2x2_sized.hpp">
      <Filter>vendor\glm\glm\ext</Filter>
    </ClInclude>
    <ClInclude Include="vendor\glm\glm\ext\matrix_uint2x3.hpp">
      <Filter>vendor\glm\glm\ext</Filter>
    </ClInclude>
    <ClInclude Include="vendor\glm\glm\ext\matrix_uint2x3_sized.hpp">
      <Filter>vendor\glm\glm\ext</Filter>
    </ClInclude>
    <ClInclude Include="vendor\glm\glm\ext\matrix_uint2x4.hpp">
      <Filter>vendor\glm\glm\ext</Filter>
    </ClInclude>
    <ClInclude Include="vendor\glm\glm\ext\matrix_uint2x4_sized.hpp">
      <Filter>vendor\glm\glm\ext</Filter>
    </ClInclude>
    <ClInclude Include="vendor\glm\glm\ext\matrix_uint3x2.hpp">
      <Filter>vendor\glm\glm\ext</Filter>
    </ClInclude>
    <ClInclude Include="vendor\glm\glm\ext\matrix_uint3x2_sized.hpp">
      <Filter>vendor\glm\glm\ext</Filter>
    </ClInclude>
    <ClInclude Include="vendor\glm\glm\ext\matrix_uint3x3.hpp">
      <Filter>vendor\glm\glm\ext</Filter>
    </ClInclude>
    <ClInclude Include="vendor\glm\glm\ext\matrix_uint3x3_sized.hpp">
      <Filter>vendor\glm\glm\ext</Filter>
    </ClInclude>
    <ClInclude Include="vendor\glm\glm\ext\matrix_uint3x4.hpp">
      <Filter>vendor\glm\glm\ext</Filter>
    </ClInclude>
    <ClInclude Include="vendor\glm\glm\ext\matrix_uint3x4_sized.hpp">
      <Filter>vendor\glm\glm\ext</Filter>
    </ClInclude>
    <ClInclude Include="vendor\glm\glm\ext\matrix_uint4x2.hpp">
      <Filter>vendor\glm\glm\ext</Filter>
    </ClInclude>
    <ClInclude Include="vendor\glm\glm\ext\matrix_uint4x2_sized.hpp">
      <Filter>vendor\glm\glm\ext</Filter>
    </ClInclude>
    <ClInclude Include="vendor\glm\glm\ext\matrix_uint4x3.hpp">
      <Filter>vendor\glm\glm\ext</Filter>
    </ClInclude>
    <ClInclude Include="vendor\glm\glm\ext\matrix_uint4x3_sized.hpp">
      <Filter>vendor\glm\glm\ext</Filter>
    </ClInclude>
    <ClInclude Include="vendor\glm\glm\ext\matrix_uint4x4.hpp">
      <Filter>vendor\glm\glm\ext</Filter>
    </ClInclude>
    <ClInclude Include="vendor\glm\glm\ext\matrix_uint4x4_sized.hpp">
      <Filter>vendor\glm\glm\ext</Filter>
    </ClInclude>
    <ClInclude Include="vendor\glm\glm\ext\quaternion_common.hpp">
      <Filter>vendor\glm\glm\ext</Filter>
    </ClInclude>
    <ClInclude Include="vendor\glm\glm\ext\quaternion_common.inl">
      <Filter>vendor\glm\glm\ext</Filter>
    </ClInclude>
    <ClInclude Include="vendor\glm\glm\ext\quaternion_common_simd.inl">
      <Filter>vendor\glm\glm\ext</Filter>
    </ClInclude>
    <ClInclude Include="vendor\glm\glm\ext\quaternion_double.hpp">
      <Filter>vendor\glm\glm\ext</Filter>
    </ClInclude>
    <ClInclude Include="vendor\glm\glm\ext\quaternion_double_precision.hpp">
      <Filter>vendor\glm\glm\ext</Filter>
    </ClInclude>
    <ClInclude Include="vendor\glm\glm\ext\quaternion_exponential.hpp">
      <Filter>vendor\glm\glm\ext</Filter>
    </ClInclude>
    <ClInclude Include="vendor\glm\glm\ext\quaternion_exponential.inl">
      <Filter>vendor\glm\glm\ext</Filter>
    </ClInclude>
    <ClInclude Include="vendor\glm\glm\ext\quaternion_float.hpp">
      <Filter>vendor\glm\glm\ext</Filter>
    </ClInclude>
    <ClInclude Include="vendor\glm\glm\ext\quaternion_float_precision.hpp">
      <Filter>vendor\glm\glm\ext</Filter>
    </ClInclude>
    <ClInclude Include="vendor\glm\glm\ext\quaternion_geometric.hpp">
      <Filter>vendor\glm\glm\ext</Filter>
    </ClInclude>
    <ClInclude Include="vendor\glm\glm\ext\quaternion_geometric.inl">
      <Filter>vendor\glm\glm\ext</Filter>
    </ClInclude>
    <ClInclude Include="vendor\glm\glm\ext\quaternion_relational.hpp">
      <Filter>vendor\glm\glm\ext</Filter>
    </ClInclude>
    <ClInclude Include="vendor\glm\glm\ext\quaternion_relational.inl">
      <Filter>vendor\glm\glm\ext</Filter>
    </ClInclude>
    <ClInclude Include="vendor\glm\glm\ext\quaternion_transform.hpp">
      <Filter>vendor\glm\glm\ext</Filter>
    </ClInclude>
    <ClInclude Include="vendor\glm\glm\ext\quaternion_transform.inl">
      <Filter>vendor\glm\glm\ext</Filter>
    </ClInclude>
    <ClInclude Include="vendor\glm\glm\ext\quaternion_trigonometric.hpp">
      <Filter>vendor\glm\glm\ext</Filter>
    </ClInclude>
    <ClInclude Include="vendor\glm\glm\ext\quaternion_trigonometric.inl">
      <Filter>vendor\glm\glm\ext</Filter>
    </ClInclude>
    <ClInclude Include="vendor\glm\glm\ext\scalar_common.hpp">
      <Filter>vendor\glm\glm\ext</Filter>
    </ClInclude>
    <ClInclude Include="vendor\glm\glm\ext\scalar_common.inl">
      <Filter>vendor\glm\glm\ext</Filter>
    </ClInclude>
    <ClInclude Include="vendor\glm\glm\ext\scalar_constants.hpp">
      <Filter>vendor\glm\glm\ext</Filter>
    </ClInclude>
    <ClInclude Include="vendor\glm\glm\ext\scalar_constants.inl">
      <Filter>vendor\glm\glm\ext</Filter>
    </ClInclude>
    <ClInclude Include="vendor\glm\glm\ext\scalar_int_sized.hpp">
      <Filter>vendor\glm\glm\ext</Filter>
    </ClInclude>
    <ClInclude Include="vendor\glm\glm\ext\scalar_integer.hpp">
      <Filter>vendor\glm\glm\ext</Filter>
    </ClInclude>
    <ClInclude Include="vendor\glm\glm\ext\scalar_integer.inl">
      <Filter>vendor\glm\glm\ext</Filter>
    </ClInclude>
    <ClInclude Include="vendor\glm\glm\ext\scalar_packing.hpp">
      <Filter>vendor\glm\glm\ext</Filter>
    </ClInclude>
    <ClInclude Include="vendor\glm\glm\ext\scalar_packing.inl">
      <Filter>vendor\glm\glm\ext</Filter>
    </ClInclude>
    <ClInclude Include="vendor\glm\glm\ext\scalar_reciprocal.hpp">
      <Filter>vendor\glm\glm\ext</Filter>
    </ClInclude>
    <ClInclude Include="vendor\glm\glm\ext\scalar_reciprocal.inl">
      <Filter>vendor\glm\glm\ext</Filter>
    </ClInclude>
    <ClInclude Include="vendor\glm\glm\ext\scalar_relational.hpp">
      <Filter>vendor\glm\glm\ext</Filter>
    </ClInclude>
    <ClInclude Include="vendor\glm\glm\ext\scalar_relational.inl">
      <Filter>vendor\glm\glm\ext</Filter>
    </ClInclude>
    <ClInclude Include="vendor\glm\glm\ext\scalar_uint_sized.hpp">
      <Filter>vendor\glm\glm\ext</Filter>
    </ClInclude>
    <ClInclude Include="vendor\glm\glm\ext\scalar_ulp.hpp">
      <Filter>vendor\glm\glm\ext</Filter>
    </ClInclude>
    <ClInclude Include="vendor\glm\glm\ext\scalar_ulp.inl">
      <Filter>vendor\glm\glm\ext</Filter>
    </ClInclude>
    <ClInclude Include="vendor\glm\glm\ext\vector_bool1.hpp">
      <Filter>vendor\glm\glm\ext</Filter>
    </ClInclude>
    <ClInclude Include="vendor\glm\glm\ext\vector_bool1_precision.hpp">
      <Filter>vendor\glm\glm\ext</Filter>
    </ClInclude>
    <ClInclude Include="vendor\glm\glm\ext\vector_bool2.hpp">
      <Filter>vendor\glm\glm\ext</Filter>
    </ClInclude>
    <ClInclude Include="vendor\glm\glm\ext\vector_bool2_precision.hpp">
      <Filter>vendor\glm\glm\ext</Filter>
    </ClInclude>
    <ClInclude Include="vendor\glm\glm\ext\vector_bool3.hpp">
      <Filter>vendor\glm\glm\ext</Filter>
    </ClInclude>
    <ClInclude Include="vendor\glm\glm\ext\vector_bool3_precision.hpp">
      <Filter>vendor\glm\glm\ext</Filter>
    </ClInclude>
    <ClInclude Include="vendor\glm\glm\ext\vector_bool4.hpp">
      <Filter>vendor\glm\glm\ext</Filter>
    </ClInclude>
    <ClInclude Include="vendor\glm\glm\ext\vector_bool4_precision.hpp">
      <Filter>vendor\glm\glm\ext</Filter>
    </ClInclude>
    <ClInclude Include="vendor\glm\glm\ext\vector_common.hpp">
      <Filter>vendor\glm\glm\ext</Filter>
    </ClInclude>
    <ClInclude Include="vendor\glm\glm\ext\vector_common.inl">
      <Filter>vendor\glm\glm\ext</Filter>
    </ClInclude>
    <ClInclude Include="vendor\glm\glm\ext\vector_double1.hpp">
      <Filter>vendor\glm\glm\ext</Filter>
    </ClInclude>
    <ClInclude Include="vendor\glm\glm\ext\vector_double1_precision.hpp">
      <Filter>vendor\glm\glm\ext</Filter>
    </ClInclude>
    <ClInclude Include="vendor\glm\glm\ext\vector_double2.hpp">
      <Filter>vendor\glm\glm\ext</Filter>
    </ClInclude>
    <ClInclude Include="vendor\glm\glm\ext\vector_double2_precision.hpp">
      <Filter>vendor\glm\glm\ext</Filter>
    </ClInclude>
    <ClInclude Include="vendor\glm\glm\ext\vector_double3.hpp">
      <Filter>vendor\glm\glm\ext</Filter>
    </ClInclude>
    <ClInclude Include="vendor\glm\glm\ext\vector_double3_precision.hpp">
      <Filter>vendor\glm\glm\ext</Filter>
    </ClInclude>
    <ClInclude Include="vendor\glm\glm\ext\vector_double4.hpp">
      <Filter>vendor\glm\glm\ext</Filter>
    </ClInclude>
    <ClInclude Include="vendor\glm\glm\ext\vector_double4_precision.hpp">
      <Filter>vendor\glm\glm\ext</Filter>
    </ClInclude>
    <ClInclude Include="vendor\glm\glm\ext\vector_float1.hpp">
      <Filter>vendor\glm\glm\ext</Filter>
    </ClInclude>
    <ClInclude Include="vendor\glm\glm\ext\vector_float1_precision.hpp">
      <Filter>vendor\glm\glm\ext</Filter>
    </ClInclude>
    <ClInclude Include="vendor\glm\glm\ext\vector_float2.hpp">
      <Filter>vendor\glm\glm\ext</Filter>
    </ClInclude>
    <ClInclude Include="vendor\glm\glm\ext\vector_float2_precision.hpp">
      <Filter>vendor\glm\glm\ext</Filter>
    </ClInclude>
    <ClInclude Include="vendor\glm\glm\ext\vector_float3.hpp">
      <Filter>vendor\glm\glm\ext</Filter>
    </ClInclude>
    <ClInclude Include="vendor\glm\glm\ext\vector_float3_precision.hpp">
      <Filter>vendor\glm\glm\ext</Filter>
    </ClInclude>
    <ClInclude Include="vendor\glm\glm\ext\vector_float4.hpp">
      <Filter>vendor\glm\glm\ext</Filter>
    </ClInclude>
    <ClInclude Include="vendor\glm\glm\ext\vector_float4_precision.hpp">
      <Filter>vendor\glm\glm\ext</Filter>
    </ClInclude>
    <ClInclude Include="vendor\glm\glm\ext\vector_int1.hpp">
      <Filter>vendor\glm\glm\ext</Filter>
    </ClInclude>
    <ClInclude Include="vendor\glm\glm\ext\vector_int1_sized.hpp">
      <Filter>vendor\glm\glm\ext</Filter>
    </ClInclude>
    <ClInclude Include="vendor\glm\glm\ext\vector_int2.hpp">
      <Filter>vendor\glm\glm\ext</Filter>
    </ClInclude>
    <ClInclude Include="vendor\glm\glm\ext\vector_int2_sized.hpp">
      <Filter>vendor\glm\glm\ext</Filter>
    </ClInclude>
    <ClInclude Include="vendor\glm\glm\ext\vector_int3.hpp">
      <Filter>vendor\glm\glm\ext</Filter>
    </ClInclude>
    <ClInclude Include="vendor\glm\glm\ext\vector_int3_sized.hpp">
      <Filter>vendor\glm\glm\ext</Filter>
    </ClInclude>
    <ClInclude Include="vendor\glm\glm\ext\vector_int4.hpp">
      <Filter>vendor\glm\glm\ext</Filter>
    </ClInclude>
    <ClInclude Include="vendor\glm\glm\ext\vector_int4_sized.hpp">
      <Filter>vendor\glm\glm\ext</Filter>
    </ClInclude>
    <ClInclude Include="vendor\glm\glm\ext\vector_integer.hpp">
      <Filter>vendor\glm\glm\ext</Filter>
    </ClInclude>
    <ClInclude Include="vendor\glm\glm\ext\vector_integer.inl">
      <Filter>vendor\glm\glm\ext</Filter>
    </ClInclude>
    <ClInclude Include="vendor\glm\glm\ext\vector_packing.hpp">
      <Filter>vendor\glm\glm\ext</Filter>
    </ClInclude>
    <ClInclude Include="vendor\glm\glm\ext\vector_packing.inl">
      <Filter>vendor\glm\glm\ext</Filter>
    </ClInclude>
    <ClInclude Include="vendor\glm\glm\ext\vector_reciprocal.hpp">
      <Filter>vendor\glm\glm\ext</Filter>
    </ClInclude>
    <ClInclude Include="vendor\glm\glm\ext\vector_reciprocal.inl">
      <Filter>vendor\glm\glm\ext</Filter>
    </ClInclude>
    <ClInclude Include="vendor\glm\glm\ext\vector_relational.hpp">
      <Filter>vendor\glm\glm\ext</Filter>
    </ClInclude>
    <ClInclude Include="vendor\glm\glm\ext\vector_relational.inl">
      <Filter>vendor\glm\glm\ext</Filter>
    </ClInclude>
    <ClInclude Include="vendor\glm\glm\ext\vector_uint1.hpp">
      <Filter>vendor\glm\glm\ext</Filter>
    </ClInclude>
    <ClInclude Include="vendor\glm\glm\ext\vector_uint1_sized.hpp">
      <Filter>vendor\glm\glm\ext</Filter>
    </ClInclude>
    <ClInclude Include="vendor\glm\glm\ext\vector_uint2.hpp">
      <Filter>vendor\glm\glm\ext</Filter>
    </ClInclude>
    <ClInclude Include="vendor\glm\glm\ext\vector_uint2_sized.hpp">
      <Filter>vendor\glm\glm\ext</Filter>
    </ClInclude>
    <ClInclude Include="vendor\glm\glm\ext\vector_uint3.hpp">
      <Filter>vendor\glm\glm\ext</Filter>
    </ClInclude>
    <ClInclude Include="vendor\glm\glm\ext\vector_uint3_sized.hpp">
      <Filter>vendor\glm\glm\ext</Filter>
    </ClInclude>
    <ClInclude Include="vendor\glm\glm\ext\vector_uint4.hpp">
      <Filter>vendor\glm\glm\ext</Filter>
    </ClInclude>
    <ClInclude Include="vendor\glm\glm\ext\vector_uint4_sized.hpp">
      <Filter>vendor\glm\glm\ext</Filter>
    </ClInclude>
    <ClInclude Include="vendor\glm\glm\ext\vector_ulp.hpp">
      <Filter>vendor\glm\glm\ext</Filter>
    </ClInclude>
    <ClInclude Include="vendor\glm\glm\ext\vector_ulp.inl">
      <Filter>vendor\glm\glm\ext</Filter>
    </ClInclude>
    <ClInclude Include="vendor\glm\glm\fwd.hpp">
      <Filter>vendor\glm\glm</Filter>
    </ClInclude>
    <ClInclude Include="vendor\glm\glm\geometric.hpp">
      <Filter>vendor\glm\glm</Filter>
    </ClInclude>
    <ClInclude Include="vendor\glm\glm\glm.hpp">
      <Filter>vendor\glm\glm</Filter>
    </ClInclude>
    <ClInclude Include="vendor\glm\glm\gtc\bitfield.hpp">
      <Filter>vendor\glm\glm\gtc</Filter>
    </ClInclude>
    <ClInclude Include="vendor\glm\glm\gtc\bitfield.inl">
      <Filter>vendor\glm\glm\gtc</Filter>
    </ClInclude>
    <ClInclude Include="vendor\glm\glm\gtc\color_space.hpp">
      <Filter>vendor\glm\glm\gtc</Filter>
    </ClInclude>
    <ClInclude Include="vendor\glm\glm\gtc\color_space.inl">
      <Filter>vendor\glm\glm\gtc</Filter>
    </ClInclude>
    <ClInclude Include="vendor\glm\glm\gtc\constants.hpp">
      <Filter>vendor\glm\glm\gtc</Filter>
    </ClInclude>
    <ClInclude Include="vendor\glm\glm\gtc\constants.inl">
      <Filter>vendor\glm\glm\gtc</Filter>
    </ClInclude>
    <ClInclude Include="vendor\glm\glm\gtc\epsilon.hpp">
      <Filter>vendor\glm\glm\gtc</Filter>
    </ClInclude>
    <ClInclude Include="vendor\glm\glm\gtc\epsilon.inl">
      <Filter>vendor\glm\glm\gtc</Filter>
    </ClInclude>
    <ClInclude Include="vendor\glm\glm\gtc\integer.hpp">
      <Filter>vendor\glm\glm\gtc</Filter>
    </ClInclude>
    <ClInclude Include="vendor\glm\glm\gtc\integer.inl">
      <Filter>vendor\glm\glm\gtc</Filter>
    </ClInclude>
    <ClInclude Include="vendor\glm\glm\gtc\matrix_access.hpp">
      <Filter>vendor\glm\glm\gtc</Filter>
    </ClInclude>
    <ClInclude Include="vendor\glm\glm\gtc\matrix_access.inl">
      <Filter>vendor\glm\glm\gtc</Filter>
    </ClInclude>
    <ClInclude Include="vendor\glm\glm\gtc\matrix_integer.hpp">
      <Filter>vendor\glm\glm\gtc</Filter>
    </ClInclude>
    <ClInclude Include="vendor\glm\glm\gtc\matrix_inverse.hpp">
      <Filter>vendor\glm\glm\gtc</Filter>
    </ClInclude>
    <ClInclude Include="vendor\glm\glm\gtc\matrix_inverse.inl">
      <Filter>vendor\glm\glm\gtc</Filter>
    </ClInclude>
    <ClInclude Include="vendor\glm\glm\gtc\matrix_transform.hpp">
      <Filter>vendor\glm\glm\gtc</Filter>
    </ClInclude>
    <ClInclude Include="vendor\glm\glm\gtc\matrix_transform.inl">
      <Filter>vendor\glm\glm\gtc</Filter>
    </ClInclude>
    <ClInclude Include="vendor\glm\glm\gtc\noise.hpp">
      <Filter>vendor\glm\glm\gtc</Filter>
    </ClInclude>
    <ClInclude Include="vendor\glm\glm\gtc\noise.inl">
      <Filter>vendor\glm\glm\gtc</Filter>
    </ClInclude>
    <ClInclude Include="vendor\glm\glm\gtc\packing.hpp">
      <Filter>vendor\glm\glm\gtc</Filter>
    </ClInclude>
    <ClInclude Include="vendor\glm\glm\gtc\packing.inl">
      <Filter>vendor\glm\glm\gtc</Filter>
    </ClInclude>
    <ClInclude Include="vendor\glm\glm\gtc\quaternion.hpp">
      <Filter>vendor\glm\glm\gtc</Filter>
    </ClInclude>
    <ClInclude Include="vendor\glm\glm\gtc\quaternion.inl">
      <Filter>vendor\glm\glm\gtc</Filter>
    </ClInclude>
    <ClInclude Include="vendor\glm\glm\gtc\quaternion_simd.inl">
      <Filter>vendor\glm\glm\gtc</Filter>
    </ClInclude>
    <ClInclude Include="vendor\glm\glm\gtc\random.hpp">
      <Filter>vendor\glm\glm\gtc</Filter>
    </ClInclude>
    <ClInclude Include="vendor\glm\glm\gtc\random.inl">
      <Filter>vendor\glm\glm\gtc</Filter>
    </ClInclude>
    <ClInclude Include="vendor\glm\glm\gtc\reciprocal.hpp">
      <Filter>vendor\glm\glm\gtc</Filter>
    </ClInclude>
    <ClInclude Include="vendor\glm\glm\gtc\round.hpp">
      <Filter>vendor\glm\glm\gtc</Filter>
    </ClInclude>
    <ClInclude Include="vendor\glm\glm\gtc\round.inl">
      <Filter>vendor\glm\glm\gtc</Filter>
    </ClInclude>
    <ClInclude Include="vendor\glm\glm\gtc\type_aligned.hpp">
      <Filter>vendor\glm\glm\gtc</Filter>
    </ClInclude>
    <ClInclude Include="vendor\glm\glm\gtc\type_precision.hpp">
      <Filter>vendor\glm\glm\gtc</Filter>
    </ClInclude>
    <ClInclude Include="vendor\glm\glm\gtc\type_precision.inl">
      <Filter>vendor\glm\glm\gtc</Filter>
    </ClInclude>
    <ClInclude Include="vendor\glm\glm\gtc\type_ptr.hpp">
      <Filter>vendor\glm\glm\gtc</Filter>
    </ClInclude>
    <ClInclude Include="vendor\glm\glm\gtc\type_ptr.inl">
      <Filter>vendor\glm\glm\gtc</Filter>
    </ClInclude>
    <ClInclude Include="vendor\glm\glm\gtc\ulp.hpp">
      <Filter>vendor\glm\glm\gtc</Filter>
    </ClInclude>
    <ClInclude Include="vendor\glm\glm\gtc\ulp.inl">
      <Filter>vendor\glm\glm\gtc</Filter>
    </ClInclude>
    <ClInclude Include="vendor\glm\glm\gtc\vec1.hpp">
      <Filter>vendor\glm\glm\gtc</Filter>
    </ClInclude>
    <ClInclude Include="vendor\glm\glm\gtx\associated_min_max.hpp">
      <Filter>vendor\glm\glm\gtx</Filter>
    </ClInclude>
    <ClInclude Include="vendor\glm\glm\gtx\associated_min_max.inl">
      <Filter>vendor\glm\glm\gtx</Filter>
    </ClInclude>
    <ClInclude Include="vendor\glm\glm\gtx\bit.hpp">
      <Filter>vendor\glm\glm\gtx</Filter>
    </ClInclude>
    <ClInclude Include="vendor\glm\glm\gtx\bit.inl">
      <Filter>vendor\glm\glm\gtx</Filter>
    </ClInclude>
    <ClInclude Include="vendor\glm\glm\gtx\closest_point.hpp">
      <Filter>vendor\glm\glm\gtx</Filter>
    </ClInclude>
    <ClInclude Include="vendor\glm\glm\gtx\closest_point.inl">
      <Filter>vendor\glm\glm\gtx</Filter>
    </ClInclude>
    <ClInclude Include="vendor\glm\glm\gtx\color_encoding.hpp">
      <Filter>vendor\glm\glm\gtx</Filter>
    </ClInclude>
    <ClInclude Include="vendor\glm\glm\gtx\color_encoding.inl">
      <Filter>vendor\glm\glm\gtx</Filter>
    </ClInclude>
    <ClInclude Include="vendor\glm\glm\gtx\color_space.hpp">
      <Filter>vendor\glm\glm\gtx</Filter>
    </ClInclude>
    <ClInclude Include="vendor\glm\glm\gtx\color_space.inl">
      <Filter>vendor\glm\glm\gtx</Filter>
    </ClInclude>
    <ClInclude Include="vendor\glm\glm\gtx\color_space_YCoCg.hpp">
      <Filter>vendor\glm\glm\gtx</Filter>
    </ClInclude>
    <ClInclude Include="vendor\glm\glm\gtx\color_space_YCoCg.inl">
      <Filter>vendor\glm\glm\gtx</Filter>
    </ClInclude>
    <ClInclude Include="vendor\glm\glm\gtx\common.hpp">
      <Filter>vendor\glm\glm\gtx</Filter>
    </ClInclude>
    <ClInclude Include="vendor\glm\glm\gtx\common.inl">
      <Filter>vendor\glm\glm\gtx</Filter>
    </ClInclude>
    <ClInclude Include="vendor\glm\glm\gtx\compatibility.hpp">
      <Filter>vendor\glm\glm\gtx</Filter>
    </ClInclude>
    <ClInclude Include="vendor\glm\glm\gtx\compatibility.inl">
      <Filter>vendor\glm\glm\gtx</Filter>
    </ClInclude>
    <ClInclude Include="vendor\glm\glm\gtx\component_wise.hpp">
      <Filter>vendor\glm\glm\gtx</Filter>
    </ClInclude>
    <ClInclude Include="vendor\glm\glm\gtx\component_wise.inl">
      <Filter>vendor\glm\glm\gtx</Filter>
    </ClInclude>
    <ClInclude Include="vendor\glm\glm\gtx\dual_quaternion.hpp">
      <Filter>vendor\glm\glm\gtx</Filter>
    </ClInclude>
    <ClInclude Include="vendor\glm\glm\gtx\dual_quaternion.inl">
      <Filter>vendor\glm\glm\gtx</Filter>
    </ClInclude>
    <ClInclude Include="vendor\glm\glm\gtx\easing.hpp">
      <Filter>vendor\glm\glm\gtx</Filter>
    </ClInclude>
    <ClInclude Include="vendor\glm\glm\gtx\easing.inl">
      <Filter>vendor\glm\glm\gtx</Filter>
    </ClInclude>
    <ClInclude Include="vendor\glm\glm\gtx\euler_angles.hpp">
      <Filter>vendor\glm\glm\gtx</Filter>
    </ClInclude>
    <ClInclude Include="vendor\glm\glm\gtx\euler_angles.inl">
      <Filter>vendor\glm\glm\gtx</Filter>
    </ClInclude>
    <ClInclude Include="vendor\glm\glm\gtx\extend.hpp">
      <Filter>vendor\glm\glm\gtx</Filter>
    </ClInclude>
    <ClInclude Include="vendor\glm\glm\gtx\extend.inl">
      <Filter>vendor\glm\glm\gtx</Filter>
    </ClInclude>
    <ClInclude Include="vendor\glm\glm\gtx\extended_min_max.hpp">
      <Filter>vendor\glm\glm\gtx</Filter>
    </ClInclude>
    <ClInclude Include="vendor\glm\glm\gtx\extended_min_max.inl">
      <Filter>vendor\glm\glm\gtx</Filter>
    </ClInclude>
    <ClInclude Include="vendor\glm\glm\gtx\exterior_product.hpp">
      <Filter>vendor\glm\glm\gtx</Filter>
    </ClInclude>
    <ClInclude Include="vendor\glm\glm\gtx\exterior_product.inl">
      <Filter>vendor\glm\glm\gtx</Filter>
    </ClInclude>
    <ClInclude Include="vendor\glm\glm\gtx\fast_exponential.hpp">
      <Filter>vendor\glm\glm\gtx</Filter>
    </ClInclude>
    <ClInclude Include="vendor\glm\glm\gtx\fast_exponential.inl">
      <Filter>vendor\glm\glm\gtx</Filter>
    </ClInclude>
    <ClInclude Include="vendor\glm\glm\gtx\fast_square_root.hpp">
      <Filter>vendor\glm\glm\gtx</Filter>
    </ClInclude>
    <ClInclude Include="vendor\glm\glm\gtx\fast_square_root.inl">
      <Filter>vendor\glm\glm\gtx</Filter>
    </ClInclude>
    <ClInclude Include="vendor\glm\glm\gtx\fast_trigonometry.hpp">
      <Filter>vendor\glm\glm\gtx</Filter>
    </ClInclude>
    <ClInclude Include="vendor\glm\glm\gtx\fast_trigonometry.inl">
      <Filter>vendor\glm\glm\gtx</Filter>
    </ClInclude>
    <ClInclude Include="vendor\glm\glm\gtx\float_notmalize.inl">
      <Filter>vendor\glm\glm\gtx</Filter>
    </ClInclude>
    <ClInclude Include="vendor\glm\glm\gtx\functions.hpp">
      <Filter>vendor\glm\glm\gtx</Filter>
    </ClInclude>
    <ClInclude Include="vendor\glm\glm\gtx\functions.inl">
      <Filter>vendor\glm\glm\gtx</Filter>
    </ClInclude>
    <ClInclude Include="vendor\glm\glm\gtx\gradient_paint.hpp">
      <Filter>vendor\glm\glm\gtx</Filter>
    </ClInclude>
    <ClInclude Include="vendor\glm\glm\gtx\gradient_paint.inl">
      <Filter>vendor\glm\glm\gtx</Filter>
    </ClInclude>
    <ClInclude Include="vendor\glm\glm\gtx\handed_coordinate_space.hpp">
      <Filter>vendor\glm\glm\gtx</Filter>
    </ClInclude>
    <ClInclude Include="vendor\glm\glm\gtx\handed_coordinate_space.inl">
      <Filter>vendor\glm\glm\gtx</Filter>
    </ClInclude>
    <ClInclude Include="vendor\glm\glm\gtx\hash.hpp">
      <Filter>vendor\glm\glm\gtx</Filter>
    </ClInclude>
    <ClInclude Include="vendor\glm\glm\gtx\hash.inl">
      <Filter>vendor\glm\glm\gtx</Filter>
    </ClInclude>
    <ClInclude Include="vendor\glm\glm\gtx\integer.hpp">
      <Filter>vendor\glm\glm\gtx</Filter>
    </ClInclude>
    <ClInclude Include="vendor\glm\glm\gtx\integer.inl">
      <Filter>vendor\glm\glm\gtx</Filter>
    </ClInclude>
    <ClInclude Include="vendor\glm\glm\gtx\intersect.hpp">
      <Filter>vendor\glm\glm\gtx</Filter>
    </ClInclude>
    <ClInclude Include="vendor\glm\glm\gtx\intersect.inl">
      <Filter>vendor\glm\glm\gtx</Filter>
    </ClInclude>
    <ClInclude Include="vendor\glm\glm\gtx\io.hpp">
      <Filter>vendor\glm\glm\gtx</Filter>
    </ClInclude>
    <ClInclude Include="vendor\glm\glm\gtx\io.inl">
      <Filter>vendor\glm\glm\gtx</Filter>
    </ClInclude>
    <ClInclude Include="vendor\glm\glm\gtx\log_base.hpp">
      <Filter>vendor\glm\glm\gtx</Filter>
    </ClInclude>
    <ClInclude Include="vendor\glm\glm\gtx\log_base.inl">
      <Filter>vendor\glm\glm\gtx</Filter>
    </ClInclude>
    <ClInclude Include="vendor\glm\glm\gtx\matrix_cross_product.hpp">
      <Filter>vendor\glm\glm\gtx</Filter>
    </ClInclude>
    <ClInclude Include="vendor\glm\glm\gtx\matrix_cross_product.inl">
      <Filter>vendor\glm\glm\gtx</Filter>
    </ClInclude>
    <ClInclude Include="vendor\glm\glm\gtx\matrix_decompose.hpp">
      <Filter>vendor\glm\glm\gtx</Filter>
    </ClInclude>
    <ClInclude Include="vendor\glm\glm\gtx\matrix_decompose.inl">
      <Filter>vendor\glm\glm\gtx</Filter>
    </ClInclude>
    <ClInclude Include="vendor\glm\glm\gtx\matrix_factorisation.hpp">
      <Filter>vendor\glm\glm\gtx</Filter>
    </ClInclude>
    <ClInclude Include="vendor\glm\glm\gtx\matrix_factorisation.inl">
      <Filter>vendor\glm\glm\gtx</Filter>
    </ClInclude>
    <ClInclude Include="vendor\glm\glm\gtx\matrix_interpolation.hpp">
      <Filter>vendor\glm\glm\gtx</Filter>
    </ClInclude>
    <ClInclude Include="vendor\glm\glm\gtx\matrix_interpolation.inl">
      <Filter>vendor\glm\glm\gtx</Filter>
    </ClInclude>
    <ClInclude Include="vendor\glm\glm\gtx\matrix_major_storage.hpp">
      <Filter>vendor\glm\glm\gtx</Filter>
    </ClInclude>
    <ClInclude Include="vendor\glm\glm\gtx\matrix_major_storage.inl">
      <Filter>vendor\glm\glm\gtx</Filter>
    </ClInclude>
    <ClInclude Include="vendor\glm\glm\gtx\matrix_operation.hpp">
      <Filter>vendor\glm\glm\gtx</Filter>
    </ClInclude>
    <ClInclude Include="vendor\glm\glm\gtx\matrix_operation.inl">
      <Filter>vendor\glm\glm\gtx</Filter>
    </ClInclude>
    <ClInclude Include="vendor\glm\glm\gtx\matrix_query.hpp">
      <Filter>vendor\glm\glm\gtx</Filter>
    </ClInclude>
    <ClInclude Include="vendor\glm\glm\gtx\matrix_query.inl">
      <Filter>vendor\glm\glm\gtx</Filter>
    </ClInclude>
    <ClInclude Include="vendor\glm\glm\gtx\matrix_transform_2d.hpp">
      <Filter>vendor\glm\glm\gtx</Filter>
    </ClInclude>
    <ClInclude Include="vendor\glm\glm\gtx\matrix_transform_2d.inl">
      <Filter>vendor\glm\glm\gtx</Filter>
    </ClInclude>
    <ClInclude Include="vendor\glm\glm\gtx\mixed_product.hpp">
      <Filter>vendor\glm\glm\gtx</Filter>
    </ClInclude>
    <ClInclude Include="vendor\glm\glm\gtx\mixed_product.inl">
      <Filter>vendor\glm\glm\gtx</Filter>
    </ClInclude>
    <ClInclude Include="vendor\glm\glm\gtx\norm.hpp">
      <Filter>vendor\glm\glm\gtx</Filter>
    </ClInclude>
    <ClInclude Include="vendor\glm\glm\gtx\norm.inl">
      <Filter>vendor\glm\glm\gtx</Filter>
    </ClInclude>
    <ClInclude Include="vendor\glm\glm\gtx\normal.hpp">
      <Filter>vendor\glm\glm\gtx</Filter>
    </ClInclude>
    <ClInclude Include="vendor\glm\glm\gtx\normal.inl">
      <Filter>vendor\glm\glm\gtx</Filter>
    </ClInclude>
    <ClInclude Include="vendor\glm\glm\gtx\normalize_dot.hpp">
      <Filter>vendor\glm\glm\gtx</Filter>
    </ClInclude>
    <ClInclude Include="vendor\glm\glm\gtx\normalize_dot.inl">
      <Filter>vendor\glm\glm\gtx</Filter>
    </ClInclude>
    <ClInclude Include="vendor\glm\glm\gtx\number_precision.hpp">
      <Filter>vendor\glm\glm\gtx</Filter>
    </ClInclude>
    <ClInclude Include="vendor\glm\glm\gtx\number_precision.inl">
      <Filter>vendor\glm\glm\gtx</Filter>
    </ClInclude>
    <ClInclude Include="vendor\glm\glm\gtx\optimum_pow.hpp">
      <Filter>vendor\glm\glm\gtx</Filter>
    </ClInclude>
    <ClInclude Include="vendor\glm\glm\gtx\optimum_pow.inl">
      <Filter>vendor\glm\glm\gtx</Filter>
    </ClInclude>
    <ClInclude Include="vendor\glm\glm\gtx\orthonormalize.hpp">
      <Filter>vendor\glm\glm\gtx</Filter>
    </ClInclude>
    <ClInclude Include="vendor\glm\glm\gtx\orthonormalize.inl">
      <Filter>vendor\glm\glm\gtx</Filter>
    </ClInclude>
    <ClInclude Include="vendor\glm\glm\gtx\pca.hpp">
      <Filter>vendor\glm\glm\gtx</Filter>
    </ClInclude>
    <ClInclude Include="vendor\glm\glm\gtx\pca.inl">
      <Filter>vendor\glm\glm\gtx</Filter>
    </ClInclude>
    <ClInclude Include="vendor\glm\glm\gtx\perpendicular.hpp">
      <Filter>vendor\glm\glm\gtx</Filter>
    </ClInclude>
    <ClInclude Include="vendor\glm\glm\gtx\perpendicular.inl">
      <Filter>vendor\glm\glm\gtx</Filter>
    </ClInclude>
    <ClInclude Include="vendor\glm\glm\gtx\polar_coordinates.hpp">
      <Filter>vendor\glm\glm\gtx</Filter>
    </ClInclude>
    <ClInclude Include="vendor\glm\glm\gtx\polar_coordinates.inl">
      <Filter>vendor\glm\glm\gtx</Filter>
    </ClInclude>
    <ClInclude Include="vendor\glm\glm\gtx\projection.hpp">
      <Filter>vendor\glm\glm\gtx</Filter>
    </ClInclude>
    <ClInclude Include="vendor\glm\glm\gtx\projection.inl">
      <Filter>vendor\glm\glm\gtx</Filter>
    </ClInclude>
    <ClInclude Include="vendor\glm\glm\gtx\quaternion.hpp">
      <Filter>vendor\glm\glm\gtx</Filter>
    </ClInclude>
    <ClInclude Include="vendor\glm\glm\gtx\quaternion.inl">
      <Filter>vendor\glm\glm\gtx</Filter>
    </ClInclude>
    <ClInclude Include="vendor\glm\glm\gtx\range.hpp">
      <Filter>vendor\glm\glm\gtx</Filter>
    </ClInclude>
    <ClInclude Include="vendor\glm\glm\gtx\raw_data.hpp">
      <Filter>vendor\glm\glm\gtx</Filter>
    </ClInclude>
    <ClInclude Include="vendor\glm\glm\gtx\raw_data.inl">
      <Filter>vendor\glm\glm\gtx</Filter>
    </ClInclude>
    <ClInclude Include="vendor\glm\glm\gtx\rotate_normalized_axis.hpp">
      <Filter>vendor\glm\glm\gtx</Filter>
    </ClInclude>
    <ClInclude Include="vendor\glm\glm\gtx\rotate_normalized_axis.inl">
      <Filter>vendor\glm\glm\gtx</Filter>
    </ClInclude>
    <ClInclude Include="vendor\glm\glm\gtx\rotate_vector.hpp">
      <Filter>vendor\glm\glm\gtx</Filter>
    </ClInclude>
    <ClInclude Include="vendor\glm\glm\gtx\rotate_vector.inl">
      <Filter>vendor\glm\glm\gtx</Filter>
    </ClInclude>
    <ClInclude Include="vendor\glm\glm\gtx\scalar_multiplication.hpp">
      <Filter>vendor\glm\glm\gtx</Filter>
    </ClInclude>
    <ClInclude Include="vendor\glm\glm\gtx\scalar_relational.hpp">
      <Filter>vendor\glm\glm\gtx</Filter>
    </ClInclude>
    <ClInclude Include="vendor\glm\glm\gtx\scalar_relational.inl">
      <Filter>vendor\glm\glm\gtx</Filter>
    </ClInclude>
    <ClInclude Include="vendor\glm\glm\gtx\spline.hpp">
      <Filter>vendor\glm\glm\gtx</Filter>
    </ClInclude>
    <ClInclude Include="vendor\glm\glm\gtx\spline.inl">
      <Filter>vendor\glm\glm\gtx</Filter>
    </ClInclude>
    <ClInclude Include="vendor\glm\glm\gtx\std_based_type.hpp">
      <Filter>vendor\glm\glm\gtx</Filter>
    </ClInclude>
    <ClInclude Include="vendor\glm\glm\gtx\std_based_type.inl">
      <Filter>vendor\glm\glm\gtx</Filter>
    </ClInclude>
    <ClInclude Include="vendor\glm\glm\gtx\string_cast.hpp">
      <Filter>vendor\glm\glm\gtx</Filter>
    </ClInclude>
    <ClInclude Include="vendor\glm\glm\gtx\string_cast.inl">
      <Filter>vendor\glm\glm\gtx</Filter>
    </ClInclude>
    <ClInclude Include="vendor\glm\glm\gtx\texture.hpp">
      <Filter>vendor\glm\glm\gtx</Filter>
    </ClInclude>
    <ClInclude Include="vendor\glm\glm\gtx\texture.inl">
      <Filter>vendor\glm\glm\gtx</Filter>
    </ClInclude>
    <ClInclude Include="vendor\glm\glm\gtx\transform.hpp">
      <Filter>vendor\glm\glm\gtx</Filter>
    </ClInclude>
    <ClInclude Include="vendor\glm\glm\gtx\transform.inl">
      <Filter>vendor\glm\glm\gtx</Filter>
    </ClInclude>
    <ClInclude Include="vendor\glm\glm\gtx\transform2.hpp">
      <Filter>vendor\glm\glm\gtx</Filter>
    </ClInclude>
    <ClInclude Include="vendor\glm\glm\gtx\transform2.inl">
      <Filter>vendor\glm\glm\gtx</Filter>
    </ClInclude>
    <ClInclude Include="vendor\glm\glm\gtx\type_aligned.hpp">
      <Filter>vendor\glm\glm\gtx</Filter>
    </ClInclude>
    <ClInclude Include="vendor\glm\glm\gtx\type_aligned.inl">
      <Filter>vendor\glm\glm\gtx</Filter>
    </ClInclude>
    <ClInclude Include="vendor\glm\glm\gtx\type_trait.hpp">
      <Filter>vendor\glm\glm\gtx</Filter>
    </ClInclude>
    <ClInclude Include="vendor\glm\glm\gtx\type_trait.inl">
      <Filter>vendor\glm\glm\gtx</Filter>
    </ClInclude>
    <ClInclude Include="vendor\glm\glm\gtx\vec_swizzle.hpp">
      <Filter>vendor\glm\glm\gtx</Filter>
    </ClInclude>
    <ClInclude Include="vendor\glm\glm\gtx\vector_angle.hpp">
      <Filter>vendor\glm\glm\gtx</Filter>
    </ClInclude>
    <ClInclude Include="vendor\glm\glm\gtx\vector_angle.inl">
      <Filter>vendor\glm\glm\gtx</Filter>
    </ClInclude>
    <ClInclude Include="vendor\glm\glm\gtx\vector_query.hpp">
      <Filter>vendor\glm\glm\gtx</Filter>
    </ClInclude>
    <ClInclude Include="vendor\glm\glm\gtx\vector_query.inl">
      <Filter>vendor\glm\glm\gtx</Filter>
    </ClInclude>
    <ClInclude Include="vendor\glm\glm\gtx\wrap.hpp">
      <Filter>vendor\glm\glm\gtx</Filter>
    </ClInclude>
    <ClInclude Include="vendor\glm\glm\gtx\wrap.inl">
      <Filter>vendor\glm\glm\gtx</Filter>
    </ClInclude>
    <ClInclude Include="vendor\glm\glm\integer.hpp">
      <Filter>vendor\glm\glm</Filter>
    </ClInclude>
    <ClInclude Include="vendor\glm\glm\mat2x2.hpp">
      <Filter>vendor\glm\glm</Filter>
    </ClInclude>
    <ClInclude Include="vendor\glm\glm\mat2x3.hpp">
      <Filter>vendor\glm\glm</Filter>
    </ClInclude>
    <ClInclude Include="vendor\glm\glm\mat2x4.hpp">
      <Filter>vendor\glm\glm</Filter>
    </ClInclude>
    <ClInclude Include="vendor\glm\glm\mat3x2.hpp">
      <Filter>vendor\glm\glm</Filter>
    </ClInclude>
    <ClInclude Include="vendor\glm\glm\mat3x3.hpp">
      <Filter>vendor\glm\glm</Filter>
    </ClInclude>
    <ClInclude Include="vendor\glm\glm\mat3x4.hpp">
      <Filter>vendor\glm\glm</Filter>
    </ClInclude>
    <ClInclude Include="vendor\glm\glm\mat4x2.hpp">
      <Filter>vendor\glm\glm</Filter>
    </ClInclude>
    <ClInclude Include="vendor\glm\glm\mat4x3.hpp">
      <Filter>vendor\glm\glm</Filter>
    </ClInclude>
    <ClInclude Include="vendor\glm\glm\mat4x4.hpp">
      <Filter>vendor\glm\glm</Filter>
    </ClInclude>
    <ClInclude Include="vendor\glm\glm\matrix.hpp">
      <Filter>vendor\glm\glm</Filter>
    </ClInclude>
    <ClInclude Include="vendor\glm\glm\packing.hpp">
      <Filter>vendor\glm\glm</Filter>
    </ClInclude>
    <ClInclude Include="vendor\glm\glm\trigonometric.hpp">
      <Filter>vendor\glm\glm</Filter>
    </ClInclude>
    <ClInclude Include="vendor\glm\glm\vec2.hpp">
      <Filter>vendor\glm\glm</Filter>
    </ClInclude>
    <ClInclude Include="vendor\glm\glm\vec3.hpp">
      <Filter>vendor\glm\glm</Filter>
    </ClInclude>
    <ClInclude Include="vendor\glm\glm\vec4.hpp">
      <Filter>vendor\glm\glm</Filter>
    </ClInclude>
    <ClInclude Include="vendor\glm\glm\vector_relational.hpp">
      <Filter>vendor\glm\glm</Filter>
    </ClInclude>
    <ClInclude Include="vendor\stb_image\stb_image.h">
      <Filter>vendor\stb_image</Filter>
    </ClInclude>
  </ItemGroup>
  <ItemGroup>
    <ClCompile Include="src\Platform\OpenGL\OpenGLBuffer.cpp">
      <Filter>src\Platform\OpenGL</Filter>
    </ClCompile>
    <ClCompile Include="src\Platform\OpenGL\OpenGLContext.cpp">
      <Filter>src\Platform\OpenGL</Filter>
    </ClCompile>
    <ClCompile Include="src\Platform\OpenGL\OpenGLFramebuffer.cpp">
      <Filter>src\Platform\OpenGL</Filter>
    </ClCompile>
    <ClCompile Include="src\Platform\OpenGL\OpenGLRendererAPI.cpp">
      <Filter>src\Platform\OpenGL</Filter>
    </ClCompile>
    <ClCompile Include="src\Platform\OpenGL\OpenGLShader.cpp">
      <Filter>src\Platform\OpenGL</Filter>
    </ClCompile>
    <ClCompile Include="src\Platform\OpenGL\OpenGLTexture.cpp">
      <Filter>src\Platform\OpenGL</Filter>
    </ClCompile>
    <ClCompile Include="src\Platform\OpenGL\OpenGLUniformBuffer.cpp">
      <Filter>src\Platform\OpenGL</Filter>
    </ClCompile>
    <ClCompile Include="src\Platform\OpenGL\OpenGLVertexArray.cpp">
      <Filter>src\Platform\OpenGL</Filter>
    </ClCompile>
    <ClCompile Include="src\Platform\Windows\WindowsInput.cpp">
      <Filter>src\Platform\Windows</Filter>
    </ClCompile>
    <ClCompile Include="src\Platform\Windows\WindowsPlatformUtils.cpp">
      <Filter>src\Platform\Windows</Filter>
    </ClCompile>
    <ClCompile Include="src\Platform\Windows\WindowsWindow.cpp">
      <Filter>src\Platform\Windows</Filter>
    </ClCompile>
    <ClCompile Include="src\Wire\Audio\Audio.cpp">
      <Filter>src\Wire\Audio</Filter>
    </ClCompile>
    <ClCompile Include="src\Wire\Audio\WavHeader.cpp">
      <Filter>src\Wire\Audio</Filter>
    </ClCompile>
    <ClCompile Include="src\Wire\Core\Application.cpp">
      <Filter>src\Wire\Core</Filter>
    </ClCompile>
    <ClCompile Include="src\Wire\Core\Layer.cpp">
      <Filter>src\Wire\Core</Filter>
    </ClCompile>
    <ClCompile Include="src\Wire\Core\LayerStack.cpp">
      <Filter>src\Wire\Core</Filter>
    </ClCompile>
    <ClCompile Include="src\Wire\Core\Log.cpp">
      <Filter>src\Wire\Core</Filter>
    </ClCompile>
    <ClCompile Include="src\Wire\Core\Window.cpp">
      <Filter>src\Wire\Core</Filter>
    </ClCompile>
    <ClCompile Include="src\Wire\ImGui\ImGuiBuild.cpp">
      <Filter>src\Wire\ImGui</Filter>
    </ClCompile>
    <ClCompile Include="src\Wire\ImGui\ImGuiLayer.cpp">
      <Filter>src\Wire\ImGui</Filter>
    </ClCompile>
    <ClCompile Include="src\Wire\Maths\Maths.cpp">
      <Filter>src\Wire\Maths</Filter>
    </ClCompile>
    <ClCompile Include="src\Wire\Plugins\PluginManager.cpp">
      <Filter>src\Wire\Plugins</Filter>
    </ClCompile>
    <ClCompile Include="src\Wire\Renderer\Buffer.cpp">
      <Filter>src\Wire\Renderer</Filter>
    </ClCompile>
    <ClCompile Include="src\Wire\Renderer\EditorCamera.cpp">
      <Filter>src\Wire\Renderer</Filter>
    </ClCompile>
    <ClCompile Include="src\Wire\Renderer\Framebuffer.cpp">
      <Filter>src\Wire\Renderer</Filter>
    </ClCompile>
    <ClCompile Include="src\Wire\Renderer\GraphicsContext.cpp">
      <Filter>src\Wire\Renderer</Filter>
    </ClCompile>
    <ClCompile Include="src\Wire\Renderer\OrthographicCamera.cpp">
      <Filter>src\Wire\Renderer</Filter>
    </ClCompile>
    <ClCompile Include="src\Wire\Renderer\OrthographicCameraController.cpp">
      <Filter>src\Wire\Renderer</Filter>
    </ClCompile>
    <ClCompile Include="src\Wire\Renderer\RenderCommand.cpp">
      <Filter>src\Wire\Renderer</Filter>
    </ClCompile>
    <ClCompile Include="src\Wire\Renderer\Renderer.cpp">
      <Filter>src\Wire\Renderer</Filter>
    </ClCompile>
    <ClCompile Include="src\Wire\Renderer\Renderer2D.cpp">
      <Filter>src\Wire\Renderer</Filter>
    </ClCompile>
    <ClCompile Include="src\Wire\Renderer\RendererAPI.cpp">
      <Filter>src\Wire\Renderer</Filter>
    </ClCompile>
    <ClCompile Include="src\Wire\Renderer\Shader.cpp">
      <Filter>src\Wire\Renderer</Filter>
    </ClCompile>
    <ClCompile Include="src\Wire\Renderer\Texture.cpp">
      <Filter>src\Wire\Renderer</Filter>
    </ClCompile>
    <ClCompile Include="src\Wire\Renderer\UniformBuffer.cpp">
      <Filter>src\Wire\Renderer</Filter>
    </ClCompile>
    <ClCompile Include="src\Wire\Renderer\VertexArray.cpp">
      <Filter>src\Wire\Renderer</Filter>
    </ClCompile>
    <ClCompile Include="src\Wire\Scene\Entity.cpp">
      <Filter>src\Wire\Scene</Filter>
    </ClCompile>
    <ClCompile Include="src\Wire\Scene\Scene.cpp">
      <Filter>src\Wire\Scene</Filter>
    </ClCompile>
    <ClCompile Include="src\Wire\Scene\SceneCamera.cpp">
      <Filter>src\Wire\Scene</Filter>
    </ClCompile>
    <ClCompile Include="src\Wire\Scene\SceneSerializer.cpp">
      <Filter>src\Wire\Scene</Filter>
    </ClCompile>
    <ClCompile Include="src\wrpch.cpp">
      <Filter>src</Filter>
    </ClCompile>
    <ClCompile Include="vendor\ImGuizmo\ImGuizmo.cpp">
      <Filter>vendor\ImGuizmo</Filter>
    </ClCompile>
    <ClCompile Include="vendor\stb_image\stb_image.cpp">
      <Filter>vendor\stb_image</Filter>
    </ClCompile>
  </ItemGroup>
</Project>